<?xml version="1.0" encoding="UTF-8" standalone="yes" ?>
<CodeBlocks_project_file>
	<FileVersion major="1" minor="6" />
	<Project>
		<Option title="学生信息管理系统" />
		<Option pch_mode="2" />
		<Option compiler="gcc" />
		<Build>
			<Target title="Debug">
				<Option output="bin\Debug\学生信息管理系统" prefix_auto="1" extension_auto="1" />
				<Option object_output="obj\Debug\" />
				<Option type="1" />
				<Option compiler="gcc" />
				<Compiler>
					<Add option="-g" />
				</Compiler>
			</Target>
			<Target title="Release">
				<Option output="bin\Release\学生信息管理系统" prefix_auto="1" extension_auto="1" />
				<Option object_output="obj\Release\" />
				<Option type="1" />
				<Option compiler="gcc" />
				<Compiler>
					<Add option="-O2" />
				</Compiler>
				<Linker>
					<Add option="-s" />
				</Linker>
			</Target>
		</Build>
		<Compiler>
			<Add option="-Wall" />
		</Compiler>
		<Unit filename="1.Add.c">
			<Option compilerVar="CC" />
		</Unit>
		<Unit filename="2.Modify.c">
			<Option compilerVar="CC" />
		</Unit>
		<Unit filename="3.Show.c">
			<Option compilerVar="CC" />
		</Unit>
		<Unit filename="4.Search.c">
			<Option compilerVar="CC" />
		</Unit>
		<Unit filename="5.Delete.c">
			<Option compilerVar="CC" />
		</Unit>
		<Unit filename="6.Sort.c">
			<Option compilerVar="CC" />
		</Unit>
		<Unit filename="7.SaveToFile.c">
			<Option compilerVar="CC" />
		</Unit>
		<Unit filename="8.ReadFromFile.c">
			<Option compilerVar="CC" />
		</Unit>
		<Unit filename="9.CreateNewFile.c">
			<Option compilerVar="CC" />
		</Unit>
		<Unit filename="Input.c">
			<Option compilerVar="CC" />
		</Unit>
		<Unit filename="Length.c">
			<Option compilerVar="CC" />
		</Unit>
		<Unit filename="Menu.c">
			<Option compilerVar="CC" />
		</Unit>
		<Unit filename="Output.c">
			<Option compilerVar="CC" />
		</Unit>
		<Unit filename="Rank.c">
			<Option compilerVar="CC" />
		</Unit>
		<Unit filename="headers.h" />
		<Unit filename="main.c">
			<Option compilerVar="CC" />
		</Unit>
		<Extensions>
			<code_completion />
			<debugger />
		</Extensions>
	</Project>
</CodeBlocks_project_file>
